
Microsoft Visual Studio Solution File, Format Version 12.00
# Visual Studio 15
VisualStudioVersion = 15.0.26430.15
MinimumVisualStudioVersion = 10.0.40219.1
Project("{9A19103F-16F7-4668-BE54-9A1E7A4F7556}") = "ElasticStack", "ElasticStack\ElasticStack.csproj", "{05B866BA-6254-4815-B8FF-E9B2FDDED2A8}"
EndProject
Project("{9A19103F-16F7-4668-BE54-9A1E7A4F7556}") = "Install", "Install\Install.csproj", "{158801DE-E9CD-43B0-9F98-3322BE465068}"
EndProject
Project("{9A19103F-16F7-4668-BE54-9A1E7A4F7556}") = "Elasticsearch", "Elasticsearch\Elasticsearch.csproj", "{B9F549F0-731D-4AD6-A9AB-1D956B436439}"
EndProject
Project("{FAE04EC0-301F-11D3-BF4B-00C04F79EFBC}") = "NEST", "NEST\NEST.csproj", "{24F904D7-60CF-4F34-9A5F-79020003E40F}"
EndProject
Global
	GlobalSection(SolutionConfigurationPlatforms) = preSolution
		Debug|Any CPU = Debug|Any CPU
		Release|Any CPU = Release|Any CPU
	EndGlobalSection
	GlobalSection(ProjectConfigurationPlatforms) = postSolution
		{05B866BA-6254-4815-B8FF-E9B2FDDED2A8}.Debug|Any CPU.ActiveCfg = Debug|Any CPU
		{05B866BA-6254-4815-B8FF-E9B2FDDED2A8}.Debug|Any CPU.Build.0 = Debug|Any CPU
		{05B866BA-6254-4815-B8FF-E9B2FDDED2A8}.Release|Any CPU.ActiveCfg = Release|Any CPU
		{05B866BA-6254-4815-B8FF-E9B2FDDED2A8}.Release|Any CPU.Build.0 = Release|Any CPU
		{158801DE-E9CD-43B0-9F98-3322BE465068}.Debug|Any CPU.ActiveCfg = Debug|Any CPU
		{158801DE-E9CD-43B0-9F98-3322BE465068}.Debug|Any CPU.Build.0 = Debug|Any CPU
		{158801DE-E9CD-43B0-9F98-3322BE465068}.Release|Any CPU.ActiveCfg = Release|Any CPU
		{158801DE-E9CD-43B0-9F98-3322BE465068}.Release|Any CPU.Build.0 = Release|Any CPU
		{B9F549F0-731D-4AD6-A9AB-1D956B436439}.Debug|Any CPU.ActiveCfg = Debug|Any CPU
		{B9F549F0-731D-4AD6-A9AB-1D956B436439}.Debug|Any CPU.Build.0 = Debug|Any CPU
		{B9F549F0-731D-4AD6-A9AB-1D956B436439}.Release|Any CPU.ActiveCfg = Release|Any CPU
		{B9F549F0-731D-4AD6-A9AB-1D956B436439}.Release|Any CPU.Build.0 = Release|Any CPU
		{24F904D7-60CF-4F34-9A5F-79020003E40F}.Debug|Any CPU.ActiveCfg = Debug|Any CPU
		{24F904D7-60CF-4F34-9A5F-79020003E40F}.Debug|Any CPU.Build.0 = Debug|Any CPU
		{24F904D7-60CF-4F34-9A5F-79020003E40F}.Release|Any CPU.ActiveCfg = Release|Any CPU
		{24F904D7-60CF-4F34-9A5F-79020003E40F}.Release|Any CPU.Build.0 = Release|Any CPU
	EndGlobalSection
	GlobalSection(SolutionProperties) = preSolution
		HideSolutionNode = FALSE
	EndGlobalSection
EndGlobal
